
Microsoft Visual Studio Solution File, Format Version 12.00
# Visual Studio Version 16
VisualStudioVersion = 16.0.32602.291
MinimumVisualStudioVersion = 10.0.40219.1
Project("{FAE04EC0-301F-11D3-BF4B-00C04F79EFBC}") = "SixWeeks", "SixWeeks\SixWeeks.csproj", "{58C0A69F-9F88-4B50-B9F3-0D3E1177E4BE}"
EndProject
Global
	GlobalSection(SolutionConfigurationPlatforms) = preSolution
		Debug|Any CPU = Debug|Any CPU
		Release|Any CPU = Release|Any CPU
	EndGlobalSection
	GlobalSection(ProjectConfigurationPlatforms) = postSolution
		{58C0A69F-9F88-4B50-B9F3-0D3E1177E4BE}.Debug|Any CPU.ActiveCfg = Debug|Any CPU
		{58C0A69F-9F88-4B50-B9F3-0D3E1177E4BE}.Debug|Any CPU.Build.0 = Debug|Any CPU
		{58C0A69F-9F88-4B50-B9F3-0D3E1177E4BE}.Release|Any CPU.ActiveCfg = Release|Any CPU
		{58C0A69F-9F88-4B50-B9F3-0D3E1177E4BE}.Release|Any CPU.Build.0 = Release|Any CPU
	EndGlobalSection
	GlobalSection(SolutionProperties) = preSolution
		HideSolutionNode = FALSE
	EndGlobalSection
	GlobalSection(ExtensibilityGlobals) = postSolution
		SolutionGuid = {07D1B26B-5A83-404F-9E42-FF10C1065A8A}
	EndGlobalSection
EndGlobal
